{
  "version": 4,
  "terraform_version": "1.6.6",
  "serial": 56,
  "lineage": "a53630d7-d40e-1d14-3d37-acd4094146af",
  "outputs": {
    "public_ip_address": {
      "value": "mflvm: 13.80.175.216",
      "type": "string"
    }
  },
  "resources": [
    {
      "mode": "data",
      "type": "azurerm_public_ip",
      "name": "mfpiaa",
      "provider": "provider[\"registry.terraform.io/hashicorp/azurerm\"]",
      "instances": [
        {
          "schema_version": 0,
          "attributes": {
            "allocation_method": "Dynamic",
            "ddos_protection_mode": "VirtualNetworkInherited",
            "ddos_protection_plan_id": null,
            "domain_name_label": "",
            "fqdn": "",
            "id": "/subscriptions/04d9f053-d0be-48cf-8d8f-85d19526354a/resourceGroups/mfrg/providers/Microsoft.Network/publicIPAddresses/mfpi",
            "idle_timeout_in_minutes": 4,
            "ip_address": "13.80.175.216",
            "ip_tags": {},
            "ip_version": "IPv4",
            "location": "westeurope",
            "name": "mfpi",
            "resource_group_name": "mfrg",
            "reverse_fqdn": "",
            "sku": "Basic",
            "tags": {
              "environment": "dev"
            },
            "timeouts": null,
            "zones": []
          },
          "sensitive_attributes": []
        }
      ]
    },
    {
      "mode": "managed",
      "type": "azurerm_linux_virtual_machine",
      "name": "mflvma",
      "provider": "provider[\"registry.terraform.io/hashicorp/azurerm\"]",
      "instances": [
        {
          "schema_version": 0,
          "attributes": {
            "additional_capabilities": [],
            "admin_password": null,
            "admin_ssh_key": [
              {
                "public_key": "ssh-rsa AAAAB3NzaC1yc2EAAAADAQABAAABgQDhSD5soTUoCll/La1c19onNGQJm1yi0lQi+XuWoJWOqumJ6TC8KIvb7FFdQ0piHhrY3/WLoVbKNi3qIAYItX75aURz2v44lpiS1qR1Heye417i12kWjUyIrfLcGn6MY4x/U49cDyZOEdR++KzJTAHtdoUjBVM3vPyUKBlm4ktUTQoHf4xCZtAWA7FQu7R7uPilgmUKNMy50iIbsbPL5HBYZ0rdzkvCEV5bUbgZJpVvsn8N4/f0pRI3BNlT7IElGCPIGen1Zz+7oAkt88lj7RPVOs6clMkLnbB1Xj/5AykmVZg4HKpHqnE1CjejXJT2QNdNoA16d504RjxI6ZkSxwI0SZEgyDv6j08dVq6qeP0ZQpF7MyMVkxq4GOMwqvVF5ksMRNR3VMLrKtLp0ILqWlf89+th28zV3eohVxtFTEN8ONNppD54Mffhc9Tx+PZ1PtO6mhTzoMa5cw4tSOAuSZaB/6dYbTmZavkEG6JHFIXRtbrQkga86cJGg1uYcwQIBzU= nickc@CorbieBlade18\n",
                "username": "adminuser"
              }
            ],
            "admin_username": "adminuser",
            "allow_extension_operations": true,
            "availability_set_id": "",
            "boot_diagnostics": [],
            "bypass_platform_safety_checks_on_user_schedule_enabled": false,
            "capacity_reservation_group_id": "",
            "computer_name": "mflvm",
            "custom_data": "IyEvYmluL2Jhc2gNCmN1cmwgLWZzU0wgaHR0cHM6Ly9nZXQuZG9ja2VyLmNvbSAtbyBpbnN0YWxsLWRvY2tlci5zaA0Kc3VkbyBzaCBpbnN0YWxsLWRvY2tlci5zaA==",
            "dedicated_host_group_id": "",
            "dedicated_host_id": "",
            "disable_password_authentication": true,
            "edge_zone": "",
            "encryption_at_host_enabled": false,
            "eviction_policy": "",
            "extensions_time_budget": "PT1H30M",
            "gallery_application": [],
            "id": "/subscriptions/04d9f053-d0be-48cf-8d8f-85d19526354a/resourceGroups/mfrg/providers/Microsoft.Compute/virtualMachines/mflvm",
            "identity": [],
            "license_type": "",
            "location": "westeurope",
            "max_bid_price": -1,
            "name": "mflvm",
            "network_interface_ids": [
              "/subscriptions/04d9f053-d0be-48cf-8d8f-85d19526354a/resourceGroups/mfrg/providers/Microsoft.Network/networkInterfaces/mfni"
            ],
            "os_disk": [
              {
                "caching": "ReadWrite",
                "diff_disk_settings": [],
                "disk_encryption_set_id": "",
                "disk_size_gb": 30,
                "name": "mflvm_OsDisk_1_660bf266c59b435b97c76e2fc11f9658",
                "secure_vm_disk_encryption_set_id": "",
                "security_encryption_type": "",
                "storage_account_type": "Standard_LRS",
                "write_accelerator_enabled": false
              }
            ],
            "patch_assessment_mode": "ImageDefault",
            "patch_mode": "ImageDefault",
            "plan": [],
            "platform_fault_domain": -1,
            "priority": "Regular",
            "private_ip_address": "10.123.1.4",
            "private_ip_addresses": [
              "10.123.1.4"
            ],
            "provision_vm_agent": true,
            "proximity_placement_group_id": "",
            "public_ip_address": "13.80.175.216",
            "public_ip_addresses": [
              "13.80.175.216"
            ],
            "reboot_setting": "",
            "resource_group_name": "mfrg",
            "secret": [],
            "secure_boot_enabled": false,
            "size": "Standard_DS1_v2",
            "source_image_id": "",
            "source_image_reference": [
              {
                "offer": "0001-com-ubuntu-server-jammy",
                "publisher": "Canonical",
                "sku": "22_04-lts-gen2",
                "version": "latest"
              }
            ],
            "tags": {
              "environment": "dev"
            },
            "termination_notification": [],
            "timeouts": null,
            "user_data": "",
            "virtual_machine_id": "3b06a4cc-8acf-42aa-b9fc-fe312663f82a",
            "virtual_machine_scale_set_id": "",
            "vtpm_enabled": false,
            "zone": ""
          },
          "sensitive_attributes": [],
          "private": "eyJlMmJmYjczMC1lY2FhLTExZTYtOGY4OC0zNDM2M2JjN2M0YzAiOnsiY3JlYXRlIjoyNzAwMDAwMDAwMDAwLCJkZWxldGUiOjI3MDAwMDAwMDAwMDAsInJlYWQiOjMwMDAwMDAwMDAwMCwidXBkYXRlIjoyNzAwMDAwMDAwMDAwfX0=",
          "dependencies": [
            "azurerm_network_interface.mfnia",
            "azurerm_public_ip.mfpia",
            "azurerm_resource_group.mfrga",
            "azurerm_subnet.mfsna",
            "azurerm_virtual_network.mfvna"
          ]
        }
      ]
    },
    {
      "mode": "managed",
      "type": "azurerm_network_interface",
      "name": "mfnia",
      "provider": "provider[\"registry.terraform.io/hashicorp/azurerm\"]",
      "instances": [
        {
          "schema_version": 0,
          "attributes": {
            "applied_dns_servers": [],
            "auxiliary_mode": "",
            "auxiliary_sku": "",
            "dns_servers": [],
            "edge_zone": "",
            "enable_accelerated_networking": false,
            "enable_ip_forwarding": false,
            "id": "/subscriptions/04d9f053-d0be-48cf-8d8f-85d19526354a/resourceGroups/mfrg/providers/Microsoft.Network/networkInterfaces/mfni",
            "internal_dns_name_label": "",
            "internal_domain_name_suffix": "acslqrca2mpedgf32f1w11xv5b.ax.internal.cloudapp.net",
            "ip_configuration": [
              {
                "gateway_load_balancer_frontend_ip_configuration_id": "",
                "name": "internal",
                "primary": true,
                "private_ip_address": "10.123.1.4",
                "private_ip_address_allocation": "Dynamic",
                "private_ip_address_version": "IPv4",
                "public_ip_address_id": "/subscriptions/04d9f053-d0be-48cf-8d8f-85d19526354a/resourceGroups/mfrg/providers/Microsoft.Network/publicIPAddresses/mfpi",
                "subnet_id": "/subscriptions/04d9f053-d0be-48cf-8d8f-85d19526354a/resourceGroups/mfrg/providers/Microsoft.Network/virtualNetworks/mfvn/subnets/mfsn"
              }
            ],
            "location": "westeurope",
            "mac_address": "60-45-BD-94-97-BE",
            "name": "mfni",
            "private_ip_address": "10.123.1.4",
            "private_ip_addresses": [
              "10.123.1.4"
            ],
            "resource_group_name": "mfrg",
            "tags": {
              "environment": "dev"
            },
            "timeouts": null,
            "virtual_machine_id": "/subscriptions/04d9f053-d0be-48cf-8d8f-85d19526354a/resourceGroups/mfrg/providers/Microsoft.Compute/virtualMachines/mflvm"
          },
          "sensitive_attributes": [],
          "private": "eyJlMmJmYjczMC1lY2FhLTExZTYtOGY4OC0zNDM2M2JjN2M0YzAiOnsiY3JlYXRlIjoxODAwMDAwMDAwMDAwLCJkZWxldGUiOjE4MDAwMDAwMDAwMDAsInJlYWQiOjMwMDAwMDAwMDAwMCwidXBkYXRlIjoxODAwMDAwMDAwMDAwfX0=",
          "dependencies": [
            "azurerm_public_ip.mfpia",
            "azurerm_resource_group.mfrga",
            "azurerm_subnet.mfsna",
            "azurerm_virtual_network.mfvna"
          ]
        }
      ]
    },
    {
      "mode": "managed",
      "type": "azurerm_network_security_group",
      "name": "mfnsga",
      "provider": "provider[\"registry.terraform.io/hashicorp/azurerm\"]",
      "instances": [
        {
          "schema_version": 0,
          "attributes": {
            "id": "/subscriptions/04d9f053-d0be-48cf-8d8f-85d19526354a/resourceGroups/mfrg/providers/Microsoft.Network/networkSecurityGroups/mfnsg",
            "location": "westeurope",
            "name": "mfnsg",
            "resource_group_name": "mfrg",
            "security_rule": [
              {
                "access": "Allow",
                "description": "",
                "destination_address_prefix": "*",
                "destination_address_prefixes": [],
                "destination_application_security_group_ids": [],
                "destination_port_range": "*",
                "destination_port_ranges": [],
                "direction": "Inbound",
                "name": "mfnsr",
                "priority": 100,
                "protocol": "*",
                "source_address_prefix": "*",
                "source_address_prefixes": [],
                "source_application_security_group_ids": [],
                "source_port_range": "*",
                "source_port_ranges": []
              }
            ],
            "tags": {
              "environment": "dev"
            },
            "timeouts": null
          },
          "sensitive_attributes": [],
          "private": "eyJlMmJmYjczMC1lY2FhLTExZTYtOGY4OC0zNDM2M2JjN2M0YzAiOnsiY3JlYXRlIjoxODAwMDAwMDAwMDAwLCJkZWxldGUiOjE4MDAwMDAwMDAwMDAsInJlYWQiOjMwMDAwMDAwMDAwMCwidXBkYXRlIjoxODAwMDAwMDAwMDAwfX0=",
          "dependencies": [
            "azurerm_resource_group.mfrga"
          ]
        }
      ]
    },
    {
      "mode": "managed",
      "type": "azurerm_network_security_rule",
      "name": "mfnsra",
      "provider": "provider[\"registry.terraform.io/hashicorp/azurerm\"]",
      "instances": [
        {
          "schema_version": 0,
          "attributes": {
            "access": "Allow",
            "description": "",
            "destination_address_prefix": "*",
            "destination_address_prefixes": [],
            "destination_application_security_group_ids": [],
            "destination_port_range": "*",
            "destination_port_ranges": [],
            "direction": "Inbound",
            "id": "/subscriptions/04d9f053-d0be-48cf-8d8f-85d19526354a/resourceGroups/mfrg/providers/Microsoft.Network/networkSecurityGroups/mfnsg/securityRules/mfnsr",
            "name": "mfnsr",
            "network_security_group_name": "mfnsg",
            "priority": 100,
            "protocol": "*",
            "resource_group_name": "mfrg",
            "source_address_prefix": "*",
            "source_address_prefixes": [],
            "source_application_security_group_ids": [],
            "source_port_range": "*",
            "source_port_ranges": [],
            "timeouts": null
          },
          "sensitive_attributes": [],
          "private": "eyJlMmJmYjczMC1lY2FhLTExZTYtOGY4OC0zNDM2M2JjN2M0YzAiOnsiY3JlYXRlIjoxODAwMDAwMDAwMDAwLCJkZWxldGUiOjE4MDAwMDAwMDAwMDAsInJlYWQiOjMwMDAwMDAwMDAwMCwidXBkYXRlIjoxODAwMDAwMDAwMDAwfX0=",
          "dependencies": [
            "azurerm_network_security_group.mfnsga",
            "azurerm_resource_group.mfrga"
          ]
        }
      ]
    },
    {
      "mode": "managed",
      "type": "azurerm_public_ip",
      "name": "mfpia",
      "provider": "provider[\"registry.terraform.io/hashicorp/azurerm\"]",
      "instances": [
        {
          "schema_version": 0,
          "attributes": {
            "allocation_method": "Dynamic",
            "ddos_protection_mode": "VirtualNetworkInherited",
            "ddos_protection_plan_id": null,
            "domain_name_label": null,
            "edge_zone": "",
            "fqdn": null,
            "id": "/subscriptions/04d9f053-d0be-48cf-8d8f-85d19526354a/resourceGroups/mfrg/providers/Microsoft.Network/publicIPAddresses/mfpi",
            "idle_timeout_in_minutes": 4,
            "ip_address": "13.80.175.216",
            "ip_tags": {},
            "ip_version": "IPv4",
            "location": "westeurope",
            "name": "mfpi",
            "public_ip_prefix_id": null,
            "resource_group_name": "mfrg",
            "reverse_fqdn": null,
            "sku": "Basic",
            "sku_tier": "Regional",
            "tags": {
              "environment": "dev"
            },
            "timeouts": null,
            "zones": []
          },
          "sensitive_attributes": [],
          "private": "eyJlMmJmYjczMC1lY2FhLTExZTYtOGY4OC0zNDM2M2JjN2M0YzAiOnsiY3JlYXRlIjoxODAwMDAwMDAwMDAwLCJkZWxldGUiOjE4MDAwMDAwMDAwMDAsInJlYWQiOjMwMDAwMDAwMDAwMCwidXBkYXRlIjoxODAwMDAwMDAwMDAwfX0=",
          "dependencies": [
            "azurerm_resource_group.mfrga"
          ]
        }
      ]
    },
    {
      "mode": "managed",
      "type": "azurerm_resource_group",
      "name": "mfrga",
      "provider": "provider[\"registry.terraform.io/hashicorp/azurerm\"]",
      "instances": [
        {
          "schema_version": 0,
          "attributes": {
            "id": "/subscriptions/04d9f053-d0be-48cf-8d8f-85d19526354a/resourceGroups/mfrg",
            "location": "westeurope",
            "managed_by": "",
            "name": "mfrg",
            "tags": {
              "environment": "dev"
            },
            "timeouts": null
          },
          "sensitive_attributes": [],
          "private": "eyJlMmJmYjczMC1lY2FhLTExZTYtOGY4OC0zNDM2M2JjN2M0YzAiOnsiY3JlYXRlIjo1NDAwMDAwMDAwMDAwLCJkZWxldGUiOjU0MDAwMDAwMDAwMDAsInJlYWQiOjMwMDAwMDAwMDAwMCwidXBkYXRlIjo1NDAwMDAwMDAwMDAwfX0="
        }
      ]
    },
    {
      "mode": "managed",
      "type": "azurerm_subnet",
      "name": "mfsna",
      "provider": "provider[\"registry.terraform.io/hashicorp/azurerm\"]",
      "instances": [
        {
          "schema_version": 0,
          "attributes": {
            "address_prefixes": [
              "10.123.1.0/24"
            ],
            "delegation": [],
            "enforce_private_link_endpoint_network_policies": false,
            "enforce_private_link_service_network_policies": false,
            "id": "/subscriptions/04d9f053-d0be-48cf-8d8f-85d19526354a/resourceGroups/mfrg/providers/Microsoft.Network/virtualNetworks/mfvn/subnets/mfsn",
            "name": "mfsn",
            "private_endpoint_network_policies_enabled": true,
            "private_link_service_network_policies_enabled": true,
            "resource_group_name": "mfrg",
            "service_endpoint_policy_ids": [],
            "service_endpoints": [],
            "timeouts": null,
            "virtual_network_name": "mfvn"
          },
          "sensitive_attributes": [],
          "private": "eyJlMmJmYjczMC1lY2FhLTExZTYtOGY4OC0zNDM2M2JjN2M0YzAiOnsiY3JlYXRlIjoxODAwMDAwMDAwMDAwLCJkZWxldGUiOjE4MDAwMDAwMDAwMDAsInJlYWQiOjMwMDAwMDAwMDAwMCwidXBkYXRlIjoxODAwMDAwMDAwMDAwfX0=",
          "dependencies": [
            "azurerm_resource_group.mfrga",
            "azurerm_virtual_network.mfvna"
          ]
        }
      ]
    },
    {
      "mode": "managed",
      "type": "azurerm_subnet_network_security_group_association",
      "name": "mfnsgaa",
      "provider": "provider[\"registry.terraform.io/hashicorp/azurerm\"]",
      "instances": [
        {
          "schema_version": 0,
          "attributes": {
            "id": "/subscriptions/04d9f053-d0be-48cf-8d8f-85d19526354a/resourceGroups/mfrg/providers/Microsoft.Network/virtualNetworks/mfvn/subnets/mfsn",
            "network_security_group_id": "/subscriptions/04d9f053-d0be-48cf-8d8f-85d19526354a/resourceGroups/mfrg/providers/Microsoft.Network/networkSecurityGroups/mfnsg",
            "subnet_id": "/subscriptions/04d9f053-d0be-48cf-8d8f-85d19526354a/resourceGroups/mfrg/providers/Microsoft.Network/virtualNetworks/mfvn/subnets/mfsn",
            "timeouts": null
          },
          "sensitive_attributes": [],
          "private": "eyJlMmJmYjczMC1lY2FhLTExZTYtOGY4OC0zNDM2M2JjN2M0YzAiOnsiY3JlYXRlIjoxODAwMDAwMDAwMDAwLCJkZWxldGUiOjE4MDAwMDAwMDAwMDAsInJlYWQiOjMwMDAwMDAwMDAwMH19",
          "dependencies": [
            "azurerm_network_security_group.mfnsga",
            "azurerm_resource_group.mfrga",
            "azurerm_subnet.mfsna",
            "azurerm_virtual_network.mfvna"
          ]
        }
      ]
    },
    {
      "mode": "managed",
      "type": "azurerm_virtual_network",
      "name": "mfvna",
      "provider": "provider[\"registry.terraform.io/hashicorp/azurerm\"]",
      "instances": [
        {
          "schema_version": 0,
          "attributes": {
            "address_space": [
              "10.123.0.0/16"
            ],
            "bgp_community": "",
            "ddos_protection_plan": [],
            "dns_servers": [],
            "edge_zone": "",
            "encryption": [],
            "flow_timeout_in_minutes": 0,
            "guid": "44b8a400-e340-411e-98bd-e1776deef5f9",
            "id": "subscriptions/04d9f053-d0be-48cf-8d8f-85d19526354a/resourceGroups/mfrg/providers/Microsoft.Network/virtualNetworks/mfvn",
            "location": "westeurope",
            "name": "mfvn",
            "resource_group_name": "mfrg",
            "subnet": [
              {
                "address_prefix": "10.123.1.0/24",
                "id": "/subscriptions/04d9f053-d0be-48cf-8d8f-85d19526354a/resourceGroups/mfrg/providers/Microsoft.Network/virtualNetworks/mfvn/subnets/mfsn",
                "name": "mfsn",
                "security_group": "/subscriptions/04d9f053-d0be-48cf-8d8f-85d19526354a/resourceGroups/mfrg/providers/Microsoft.Network/networkSecurityGroups/mfnsg"
              }
            ],
            "tags": {
              "environment": "dev"
            },
            "timeouts": null
          },
          "sensitive_attributes": [],
          "private": "eyJlMmJmYjczMC1lY2FhLTExZTYtOGY4OC0zNDM2M2JjN2M0YzAiOnsiY3JlYXRlIjoxODAwMDAwMDAwMDAwLCJkZWxldGUiOjE4MDAwMDAwMDAwMDAsInJlYWQiOjMwMDAwMDAwMDAwMCwidXBkYXRlIjoxODAwMDAwMDAwMDAwfSwic2NoZW1hX3ZlcnNpb24iOiIwIn0=",
          "dependencies": [
            "azurerm_resource_group.mfrga"
          ]
        }
      ]
    }
  ],
  "check_results": null
}
